
Microsoft Visual Studio Solution File, Format Version 12.00
# Visual Studio Version 17
VisualStudioVersion = 17.9.34728.123
MinimumVisualStudioVersion = 10.0.40219.1
Project("{9A19103F-16F7-4668-BE54-9A1E7A4F7556}") = "Store.Api", "Store.Api\Store.Api.csproj", "{383F60B5-3FA6-4B43-8232-F69047F73C3D}"
EndProject
Project("{FAE04EC0-301F-11D3-BF4B-00C04F79EFBC}") = "Store.Domain", "Store.Domain\Store.Domain.csproj", "{621666A4-7BBD-4B24-BF89-987F4F2817E3}"
EndProject
Project("{FAE04EC0-301F-11D3-BF4B-00C04F79EFBC}") = "Store.Repositories", "Store.Repositories\Store.Repositories.csproj", "{D54B89E5-E913-41E9-8745-018C75118B0C}"
EndProject
Project("{FAE04EC0-301F-11D3-BF4B-00C04F79EFBC}") = "Store.Services", "Store.Services\Store.Services.csproj", "{82175212-ED04-4EC3-B5C1-D3A81A654896}"
EndProject
Project("{FAE04EC0-301F-11D3-BF4B-00C04F79EFBC}") = "Store.Mappings", "Store.Mappings\Store.Mappings.csproj", "{846D48F4-2092-4C99-A9EB-3A06B8081A37}"
EndProject
Project("{FAE04EC0-301F-11D3-BF4B-00C04F79EFBC}") = "Store.Models", "Store.Models\Store.Models.csproj", "{3C475B91-2BA3-4869-A619-C7F25C65CCC7}"
EndProject
Global
	GlobalSection(SolutionConfigurationPlatforms) = preSolution
		Debug|Any CPU = Debug|Any CPU
		Release|Any CPU = Release|Any CPU
	EndGlobalSection
	GlobalSection(ProjectConfigurationPlatforms) = postSolution
		{383F60B5-3FA6-4B43-8232-F69047F73C3D}.Debug|Any CPU.ActiveCfg = Debug|Any CPU
		{383F60B5-3FA6-4B43-8232-F69047F73C3D}.Debug|Any CPU.Build.0 = Debug|Any CPU
		{383F60B5-3FA6-4B43-8232-F69047F73C3D}.Release|Any CPU.ActiveCfg = Release|Any CPU
		{383F60B5-3FA6-4B43-8232-F69047F73C3D}.Release|Any CPU.Build.0 = Release|Any CPU
		{621666A4-7BBD-4B24-BF89-987F4F2817E3}.Debug|Any CPU.ActiveCfg = Debug|Any CPU
		{621666A4-7BBD-4B24-BF89-987F4F2817E3}.Debug|Any CPU.Build.0 = Debug|Any CPU
		{621666A4-7BBD-4B24-BF89-987F4F2817E3}.Release|Any CPU.ActiveCfg = Release|Any CPU
		{621666A4-7BBD-4B24-BF89-987F4F2817E3}.Release|Any CPU.Build.0 = Release|Any CPU
		{D54B89E5-E913-41E9-8745-018C75118B0C}.Debug|Any CPU.ActiveCfg = Debug|Any CPU
		{D54B89E5-E913-41E9-8745-018C75118B0C}.Debug|Any CPU.Build.0 = Debug|Any CPU
		{D54B89E5-E913-41E9-8745-018C75118B0C}.Release|Any CPU.ActiveCfg = Release|Any CPU
		{D54B89E5-E913-41E9-8745-018C75118B0C}.Release|Any CPU.Build.0 = Release|Any CPU
		{82175212-ED04-4EC3-B5C1-D3A81A654896}.Debug|Any CPU.ActiveCfg = Debug|Any CPU
		{82175212-ED04-4EC3-B5C1-D3A81A654896}.Debug|Any CPU.Build.0 = Debug|Any CPU
		{82175212-ED04-4EC3-B5C1-D3A81A654896}.Release|Any CPU.ActiveCfg = Release|Any CPU
		{82175212-ED04-4EC3-B5C1-D3A81A654896}.Release|Any CPU.Build.0 = Release|Any CPU
		{846D48F4-2092-4C99-A9EB-3A06B8081A37}.Debug|Any CPU.ActiveCfg = Debug|Any CPU
		{846D48F4-2092-4C99-A9EB-3A06B8081A37}.Debug|Any CPU.Build.0 = Debug|Any CPU
		{846D48F4-2092-4C99-A9EB-3A06B8081A37}.Release|Any CPU.ActiveCfg = Release|Any CPU
		{846D48F4-2092-4C99-A9EB-3A06B8081A37}.Release|Any CPU.Build.0 = Release|Any CPU
		{3C475B91-2BA3-4869-A619-C7F25C65CCC7}.Debug|Any CPU.ActiveCfg = Debug|Any CPU
		{3C475B91-2BA3-4869-A619-C7F25C65CCC7}.Debug|Any CPU.Build.0 = Debug|Any CPU
		{3C475B91-2BA3-4869-A619-C7F25C65CCC7}.Release|Any CPU.ActiveCfg = Release|Any CPU
		{3C475B91-2BA3-4869-A619-C7F25C65CCC7}.Release|Any CPU.Build.0 = Release|Any CPU
	EndGlobalSection
	GlobalSection(SolutionProperties) = preSolution
		HideSolutionNode = FALSE
	EndGlobalSection
	GlobalSection(ExtensibilityGlobals) = postSolution
		SolutionGuid = {6A1212A9-EB8A-4A93-93EA-DF9BFC38A904}
	EndGlobalSection
EndGlobal
