
Microsoft Visual Studio Solution File, Format Version 12.00
# Visual Studio Version 17
VisualStudioVersion = 17.9.34723.18
MinimumVisualStudioVersion = 10.0.40219.1
Project("{FAE04EC0-301F-11D3-BF4B-00C04F79EFBC}") = "Classes", "Classes\Classes.csproj", "{7842490B-1F3F-4146-B72D-F7F4BDF4AD74}"
EndProject
Project("{FAE04EC0-301F-11D3-BF4B-00C04F79EFBC}") = "Handout", "Handout\Handout.csproj", "{F5F13289-402B-4E8B-BC9B-BE49047381D9}"
EndProject
Project("{FAE04EC0-301F-11D3-BF4B-00C04F79EFBC}") = "Handout2", "Handout2\Handout2.csproj", "{5604C6C6-EACC-4811-B36F-9645469BBFBE}"
EndProject
Global
	GlobalSection(SolutionConfigurationPlatforms) = preSolution
		Debug|Any CPU = Debug|Any CPU
		Release|Any CPU = Release|Any CPU
	EndGlobalSection
	GlobalSection(ProjectConfigurationPlatforms) = postSolution
		{7842490B-1F3F-4146-B72D-F7F4BDF4AD74}.Debug|Any CPU.ActiveCfg = Debug|Any CPU
		{7842490B-1F3F-4146-B72D-F7F4BDF4AD74}.Debug|Any CPU.Build.0 = Debug|Any CPU
		{7842490B-1F3F-4146-B72D-F7F4BDF4AD74}.Release|Any CPU.ActiveCfg = Release|Any CPU
		{7842490B-1F3F-4146-B72D-F7F4BDF4AD74}.Release|Any CPU.Build.0 = Release|Any CPU
		{F5F13289-402B-4E8B-BC9B-BE49047381D9}.Debug|Any CPU.ActiveCfg = Debug|Any CPU
		{F5F13289-402B-4E8B-BC9B-BE49047381D9}.Debug|Any CPU.Build.0 = Debug|Any CPU
		{F5F13289-402B-4E8B-BC9B-BE49047381D9}.Release|Any CPU.ActiveCfg = Release|Any CPU
		{F5F13289-402B-4E8B-BC9B-BE49047381D9}.Release|Any CPU.Build.0 = Release|Any CPU
		{5604C6C6-EACC-4811-B36F-9645469BBFBE}.Debug|Any CPU.ActiveCfg = Debug|Any CPU
		{5604C6C6-EACC-4811-B36F-9645469BBFBE}.Debug|Any CPU.Build.0 = Debug|Any CPU
		{5604C6C6-EACC-4811-B36F-9645469BBFBE}.Release|Any CPU.ActiveCfg = Release|Any CPU
		{5604C6C6-EACC-4811-B36F-9645469BBFBE}.Release|Any CPU.Build.0 = Release|Any CPU
	EndGlobalSection
	GlobalSection(SolutionProperties) = preSolution
		HideSolutionNode = FALSE
	EndGlobalSection
	GlobalSection(ExtensibilityGlobals) = postSolution
		SolutionGuid = {CA58FF42-B74E-4046-AAB4-05F392B9BBCC}
	EndGlobalSection
EndGlobal
