
Microsoft Visual Studio Solution File, Format Version 12.00
# Visual Studio Version 17
VisualStudioVersion = 17.9.34728.123
MinimumVisualStudioVersion = 10.0.40219.1
Project("{FAE04EC0-301F-11D3-BF4B-00C04F79EFBC}") = "UnitTesting", "UnitTesting.csproj", "{1B81CC07-FD46-4050-8673-A87146D9326C}"
EndProject
Project("{FAE04EC0-301F-11D3-BF4B-00C04F79EFBC}") = "Tests", "..\Tests\Tests.csproj", "{76F0A3FC-F93A-46B0-962F-F032D0869FFC}"
EndProject
Global
	GlobalSection(SolutionConfigurationPlatforms) = preSolution
		Debug|Any CPU = Debug|Any CPU
		Release|Any CPU = Release|Any CPU
	EndGlobalSection
	GlobalSection(ProjectConfigurationPlatforms) = postSolution
		{1B81CC07-FD46-4050-8673-A87146D9326C}.Debug|Any CPU.ActiveCfg = Debug|Any CPU
		{1B81CC07-FD46-4050-8673-A87146D9326C}.Debug|Any CPU.Build.0 = Debug|Any CPU
		{1B81CC07-FD46-4050-8673-A87146D9326C}.Release|Any CPU.ActiveCfg = Release|Any CPU
		{1B81CC07-FD46-4050-8673-A87146D9326C}.Release|Any CPU.Build.0 = Release|Any CPU
		{76F0A3FC-F93A-46B0-962F-F032D0869FFC}.Debug|Any CPU.ActiveCfg = Debug|Any CPU
		{76F0A3FC-F93A-46B0-962F-F032D0869FFC}.Debug|Any CPU.Build.0 = Debug|Any CPU
		{76F0A3FC-F93A-46B0-962F-F032D0869FFC}.Release|Any CPU.ActiveCfg = Release|Any CPU
		{76F0A3FC-F93A-46B0-962F-F032D0869FFC}.Release|Any CPU.Build.0 = Release|Any CPU
	EndGlobalSection
	GlobalSection(SolutionProperties) = preSolution
		HideSolutionNode = FALSE
	EndGlobalSection
	GlobalSection(ExtensibilityGlobals) = postSolution
		SolutionGuid = {97D7D637-EB43-4CF1-9A73-502A439B7850}
	EndGlobalSection
EndGlobal
