
Microsoft Visual Studio Solution File, Format Version 12.00
# Visual Studio Version 17
VisualStudioVersion = 17.9.34728.123
MinimumVisualStudioVersion = 10.0.40219.1
Project("{FAE04EC0-301F-11D3-BF4B-00C04F79EFBC}") = "MyFirstEFCore", "MyFirstEFCore\MyFirstEFCore.csproj", "{42414DB5-971C-4229-AC66-23C1C61F8945}"
EndProject
Global
	GlobalSection(SolutionConfigurationPlatforms) = preSolution
		Debug|Any CPU = Debug|Any CPU
		Release|Any CPU = Release|Any CPU
	EndGlobalSection
	GlobalSection(ProjectConfigurationPlatforms) = postSolution
		{42414DB5-971C-4229-AC66-23C1C61F8945}.Debug|Any CPU.ActiveCfg = Debug|Any CPU
		{42414DB5-971C-4229-AC66-23C1C61F8945}.Debug|Any CPU.Build.0 = Debug|Any CPU
		{42414DB5-971C-4229-AC66-23C1C61F8945}.Release|Any CPU.ActiveCfg = Release|Any CPU
		{42414DB5-971C-4229-AC66-23C1C61F8945}.Release|Any CPU.Build.0 = Release|Any CPU
	EndGlobalSection
	GlobalSection(SolutionProperties) = preSolution
		HideSolutionNode = FALSE
	EndGlobalSection
	GlobalSection(ExtensibilityGlobals) = postSolution
		SolutionGuid = {14847696-4A3C-47AB-8094-155FB1ACBAE0}
	EndGlobalSection
EndGlobal
